{
  "name": "web_demo",
  "version": "1.0.0",
  "lockfileVersion": 3,
  "requires": true,
  "packages": {
    "": {
      "name": "web_demo",
      "version": "1.0.0",
      "license": "ISC",
      "dependencies": {
        "@litertjs/core": "^2.5.3",
        "playwright-core": "^1.62.1"
      }
    },
    "node_modules/@litertjs/core": {
      "version": "2.5.3",
      "resolved": "https://registry.npmjs.org/@litertjs/core/-/core-2.5.3.tgz",
      "integrity": "sha512-PlGmbMOq9WitX7FO0jhbdJw9GthatsyuCQXjTt/wJZo0FLaw48q4tz8IwqgqCIkviYGr9OFDL1kCnN4nzWoyJQ==",
      "dependencies": {
        "@litertjs/wasm-utils": "^2.5.3"
      }
    },
    "node_modules/@litertjs/wasm-utils": {
      "version": "2.5.3",
      "resolved": "https://registry.npmjs.org/@litertjs/wasm-utils/-/wasm-utils-2.5.3.tgz",
      "integrity": "sha512-4fJiw6tBQnIs+0jH/OQ16nYOiSl8/+zZnn5h2ul8aTKHi05sVqZW580Tmk78pC2kT39A9OYBVdFawteZ/sI1kQ=="
    },
    "node_modules/playwright-core": {
      "version": "1.62.1",
      "resolved": "https://registry.npmjs.org/playwright-core/-/playwright-core-1.62.1.tgz",
      "integrity": "sha512-wPYSwEBJY9GHraISXqyqtx0na0LpO3XEX7jNDhntbex7tzUS7kLnZsOlFruFJB4Hi/rhDMjXGqHewDZ68nYZVw==",
      "bin": {
        "playwright-core": "cli.js"
      },
      "engines": {
        "node": ">=20"
      }
    }
  }
}
